
Microsoft Visual Studio Solution File, Format Version 12.00
# Visual Studio Version 16
VisualStudioVersion = 16.0.31129.286
MinimumVisualStudioVersion = 10.0.40219.1
Project("{FAE04EC0-301F-11D3-BF4B-00C04F79EFBC}") = "Rocket_Elevators_Customer_Portal", "Rocket_Elevators_Customer_Portal.csproj", "{0DEE84B9-E51E-4628-8A38-9EA9B474854F}"
EndProject
Global
	GlobalSection(SolutionConfigurationPlatforms) = preSolution
		Debug|Any CPU = Debug|Any CPU
		Release|Any CPU = Release|Any CPU
	EndGlobalSection
	GlobalSection(ProjectConfigurationPlatforms) = postSolution
		{0DEE84B9-E51E-4628-8A38-9EA9B474854F}.Debug|Any CPU.ActiveCfg = Debug|Any CPU
		{0DEE84B9-E51E-4628-8A38-9EA9B474854F}.Debug|Any CPU.Build.0 = Debug|Any CPU
		{0DEE84B9-E51E-4628-8A38-9EA9B474854F}.Release|Any CPU.ActiveCfg = Release|Any CPU
		{0DEE84B9-E51E-4628-8A38-9EA9B474854F}.Release|Any CPU.Build.0 = Release|Any CPU
	EndGlobalSection
	GlobalSection(SolutionProperties) = preSolution
		HideSolutionNode = FALSE
	EndGlobalSection
	GlobalSection(ExtensibilityGlobals) = postSolution
		SolutionGuid = {F7FC484F-A806-48E9-9528-789EBDFB85EA}
	EndGlobalSection
EndGlobal
